// !$*UTF8*$!
{
	archiveVersion = 1;
	classes = {
	};
	objectVersion = 56;
	objects = {

/* Begin PBXBuildFile section */
		117C9EC86947A6D42BFD784C /* Pods_WebSeriesApplicationTests.framework in Frameworks */ = {isa = PBXBuildFile; fileRef = F374DBB18030F1BAA3A71F7C /* Pods_WebSeriesApplicationTests.framework */; };
		29C4BEF52A4BFB5900F0B3A9 /* CustumViews.swift in Sources */ = {isa = PBXBuildFile; fileRef = 29C4BEF42A4BFB5900F0B3A9 /* CustumViews.swift */; };
		29DACFE72A42E2D100F52740 /* AppDelegate.swift in Sources */ = {isa = PBXBuildFile; fileRef = 29DACFE62A42E2D100F52740 /* AppDelegate.swift */; };
		29DACFE92A42E2D100F52740 /* SceneDelegate.swift in Sources */ = {isa = PBXBuildFile; fileRef = 29DACFE82A42E2D100F52740 /* SceneDelegate.swift */; };
		29DACFEE2A42E2D100F52740 /* Main.storyboard in Resources */ = {isa = PBXBuildFile; fileRef = 29DACFEC2A42E2D100F52740 /* Main.storyboard */; };
		29DACFF02A42E2D400F52740 /* Assets.xcassets in Resources */ = {isa = PBXBuildFile; fileRef = 29DACFEF2A42E2D400F52740 /* Assets.xcassets */; };
		29DACFF32A42E2D400F52740 /* LaunchScreen.storyboard in Resources */ = {isa = PBXBuildFile; fileRef = 29DACFF12A42E2D400F52740 /* LaunchScreen.storyboard */; };
		29DACFFE2A42E2D400F52740 /* WebSeriesApplicationTests.swift in Sources */ = {isa = PBXBuildFile; fileRef = 29DACFFD2A42E2D400F52740 /* WebSeriesApplicationTests.swift */; };
		29DAD0082A42E2D400F52740 /* WebSeriesApplicationUITests.swift in Sources */ = {isa = PBXBuildFile; fileRef = 29DAD0072A42E2D400F52740 /* WebSeriesApplicationUITests.swift */; };
		29DAD00A2A42E2D400F52740 /* WebSeriesApplicationUITestsLaunchTests.swift in Sources */ = {isa = PBXBuildFile; fileRef = 29DAD0092A42E2D400F52740 /* WebSeriesApplicationUITestsLaunchTests.swift */; };
		29DAD0172A42E2F900F52740 /* WebseriesListVC.swift in Sources */ = {isa = PBXBuildFile; fileRef = 29DAD0162A42E2F900F52740 /* WebseriesListVC.swift */; };
		29DAD01C2A42E43E00F52740 /* WebSeriesDetails.swift in Sources */ = {isa = PBXBuildFile; fileRef = 29DAD01B2A42E43E00F52740 /* WebSeriesDetails.swift */; };
		29DAD01E2A43070A00F52740 /* WebseriesListCell.swift in Sources */ = {isa = PBXBuildFile; fileRef = 29DAD01D2A43070A00F52740 /* WebseriesListCell.swift */; };
		29DAD0202A430B9800F52740 /* ShowWebSeriesInfroVC.swift in Sources */ = {isa = PBXBuildFile; fileRef = 29DAD01F2A430B9800F52740 /* ShowWebSeriesInfroVC.swift */; };
		29DAD0222A4314D200F52740 /* SeasonsViewController.swift in Sources */ = {isa = PBXBuildFile; fileRef = 29DAD0212A4314D200F52740 /* SeasonsViewController.swift */; };
		29DAD0242A43163100F52740 /* SeasonsCell.swift in Sources */ = {isa = PBXBuildFile; fileRef = 29DAD0232A43163100F52740 /* SeasonsCell.swift */; };
		29DAD0262A4317AE00F52740 /* SeasonDetails.swift in Sources */ = {isa = PBXBuildFile; fileRef = 29DAD0252A4317AE00F52740 /* SeasonDetails.swift */; };
		29DAD0282A431DE000F52740 /* EpisodesDetails.swift in Sources */ = {isa = PBXBuildFile; fileRef = 29DAD0272A431DE000F52740 /* EpisodesDetails.swift */; };
		29DAD02A2A43207500F52740 /* EpisodesVC.swift in Sources */ = {isa = PBXBuildFile; fileRef = 29DAD0292A43207500F52740 /* EpisodesVC.swift */; };
		29DAD02C2A43221B00F52740 /* EpisodesCell.swift in Sources */ = {isa = PBXBuildFile; fileRef = 29DAD02B2A43221B00F52740 /* EpisodesCell.swift */; };
		C212BF02AFA655BA7167BC93 /* Pods_WebSeriesApplication.framework in Frameworks */ = {isa = PBXBuildFile; fileRef = 442DB55CC64EF641C7490EFD /* Pods_WebSeriesApplication.framework */; };
		E7DCE1D27986D61D857D0B46 /* Pods_WebSeriesApplication_WebSeriesApplicationUITests.framework in Frameworks */ = {isa = PBXBuildFile; fileRef = AD423685CA0EB597F7D48A64 /* Pods_WebSeriesApplication_WebSeriesApplicationUITests.framework */; };
/* End PBXBuildFile section */

/* Begin PBXContainerItemProxy section */
		29DACFFA2A42E2D400F52740 /* PBXContainerItemProxy */ = {
			isa = PBXContainerItemProxy;
			containerPortal = 29DACFDB2A42E2D100F52740 /* Project object */;
			proxyType = 1;
			remoteGlobalIDString = 29DACFE22A42E2D100F52740;
			remoteInfo = WebSeriesApplication;
		};
		29DAD0042A42E2D400F52740 /* PBXContainerItemProxy */ = {
			isa = PBXContainerItemProxy;
			containerPortal = 29DACFDB2A42E2D100F52740 /* Project object */;
			proxyType = 1;
			remoteGlobalIDString = 29DACFE22A42E2D100F52740;
			remoteInfo = WebSeriesApplication;
		};
/* End PBXContainerItemProxy section */

/* Begin PBXFileReference section */
		29C4BEF42A4BFB5900F0B3A9 /* CustumViews.swift */ = {isa = PBXFileReference; lastKnownFileType = sourcecode.swift; path = CustumViews.swift; sourceTree = "<group>"; };
		29DACFE32A42E2D100F52740 /* WebSeriesApplication.app */ = {isa = PBXFileReference; explicitFileType = wrapper.application; includeInIndex = 0; path = WebSeriesApplication.app; sourceTree = BUILT_PRODUCTS_DIR; };
		29DACFE62A42E2D100F52740 /* AppDelegate.swift */ = {isa = PBXFileReference; lastKnownFileType = sourcecode.swift; path = AppDelegate.swift; sourceTree = "<group>"; };
		29DACFE82A42E2D100F52740 /* SceneDelegate.swift */ = {isa = PBXFileReference; lastKnownFileType = sourcecode.swift; path = SceneDelegate.swift; sourceTree = "<group>"; };
		29DACFED2A42E2D100F52740 /* Base */ = {isa = PBXFileReference; lastKnownFileType = file.storyboard; name = Base; path = Base.lproj/Main.storyboard; sourceTree = "<group>"; };
		29DACFEF2A42E2D400F52740 /* Assets.xcassets */ = {isa = PBXFileReference; lastKnownFileType = folder.assetcatalog; path = Assets.xcassets; sourceTree = "<group>"; };
		29DACFF22A42E2D400F52740 /* Base */ = {isa = PBXFileReference; lastKnownFileType = file.storyboard; name = Base; path = Base.lproj/LaunchScreen.storyboard; sourceTree = "<group>"; };
		29DACFF42A42E2D400F52740 /* Info.plist */ = {isa = PBXFileReference; lastKnownFileType = text.plist.xml; path = Info.plist; sourceTree = "<group>"; };
		29DACFF92A42E2D400F52740 /* WebSeriesApplicationTests.xctest */ = {isa = PBXFileReference; explicitFileType = wrapper.cfbundle; includeInIndex = 0; path = WebSeriesApplicationTests.xctest; sourceTree = BUILT_PRODUCTS_DIR; };
		29DACFFD2A42E2D400F52740 /* WebSeriesApplicationTests.swift */ = {isa = PBXFileReference; lastKnownFileType = sourcecode.swift; path = WebSeriesApplicationTests.swift; sourceTree = "<group>"; };
		29DAD0032A42E2D400F52740 /* WebSeriesApplicationUITests.xctest */ = {isa = PBXFileReference; explicitFileType = wrapper.cfbundle; includeInIndex = 0; path = WebSeriesApplicationUITests.xctest; sourceTree = BUILT_PRODUCTS_DIR; };
		29DAD0072A42E2D400F52740 /* WebSeriesApplicationUITests.swift */ = {isa = PBXFileReference; lastKnownFileType = sourcecode.swift; path = WebSeriesApplicationUITests.swift; sourceTree = "<group>"; };
		29DAD0092A42E2D400F52740 /* WebSeriesApplicationUITestsLaunchTests.swift */ = {isa = PBXFileReference; lastKnownFileType = sourcecode.swift; path = WebSeriesApplicationUITestsLaunchTests.swift; sourceTree = "<group>"; };
		29DAD0162A42E2F900F52740 /* WebseriesListVC.swift */ = {isa = PBXFileReference; lastKnownFileType = sourcecode.swift; path = WebseriesListVC.swift; sourceTree = "<group>"; };
		29DAD01B2A42E43E00F52740 /* WebSeriesDetails.swift */ = {isa = PBXFileReference; lastKnownFileType = sourcecode.swift; path = WebSeriesDetails.swift; sourceTree = "<group>"; };
		29DAD01D2A43070A00F52740 /* WebseriesListCell.swift */ = {isa = PBXFileReference; lastKnownFileType = sourcecode.swift; path = WebseriesListCell.swift; sourceTree = "<group>"; };
		29DAD01F2A430B9800F52740 /* ShowWebSeriesInfroVC.swift */ = {isa = PBXFileReference; lastKnownFileType = sourcecode.swift; path = ShowWebSeriesInfroVC.swift; sourceTree = "<group>"; };
		29DAD0212A4314D200F52740 /* SeasonsViewController.swift */ = {isa = PBXFileReference; lastKnownFileType = sourcecode.swift; path = SeasonsViewController.swift; sourceTree = "<group>"; };
		29DAD0232A43163100F52740 /* SeasonsCell.swift */ = {isa = PBXFileReference; lastKnownFileType = sourcecode.swift; path = SeasonsCell.swift; sourceTree = "<group>"; };
		29DAD0252A4317AE00F52740 /* SeasonDetails.swift */ = {isa = PBXFileReference; lastKnownFileType = sourcecode.swift; path = SeasonDetails.swift; sourceTree = "<group>"; };
		29DAD0272A431DE000F52740 /* EpisodesDetails.swift */ = {isa = PBXFileReference; lastKnownFileType = sourcecode.swift; path = EpisodesDetails.swift; sourceTree = "<group>"; };
		29DAD0292A43207500F52740 /* EpisodesVC.swift */ = {isa = PBXFileReference; lastKnownFileType = sourcecode.swift; path = EpisodesVC.swift; sourceTree = "<group>"; };
		29DAD02B2A43221B00F52740 /* EpisodesCell.swift */ = {isa = PBXFileReference; lastKnownFileType = sourcecode.swift; path = EpisodesCell.swift; sourceTree = "<group>"; };
		442DB55CC64EF641C7490EFD /* Pods_WebSeriesApplication.framework */ = {isa = PBXFileReference; explicitFileType = wrapper.framework; includeInIndex = 0; path = Pods_WebSeriesApplication.framework; sourceTree = BUILT_PRODUCTS_DIR; };
		5253C9A78E2EB6ACE5C8217E /* Pods-WebSeriesApplication.debug.xcconfig */ = {isa = PBXFileReference; includeInIndex = 1; lastKnownFileType = text.xcconfig; name = "Pods-WebSeriesApplication.debug.xcconfig"; path = "Target Support Files/Pods-WebSeriesApplication/Pods-WebSeriesApplication.debug.xcconfig"; sourceTree = "<group>"; };
		63EE8EA1C696154378DB9D4C /* Pods-WebSeriesApplication-WebSeriesApplicationUITests.debug.xcconfig */ = {isa = PBXFileReference; includeInIndex = 1; lastKnownFileType = text.xcconfig; name = "Pods-WebSeriesApplication-WebSeriesApplicationUITests.debug.xcconfig"; path = "Target Support Files/Pods-WebSeriesApplication-WebSeriesApplicationUITests/Pods-WebSeriesApplication-WebSeriesApplicationUITests.debug.xcconfig"; sourceTree = "<group>"; };
		6B6A8F18AA045A3A4EBEB74D /* Pods-WebSeriesApplicationTests.debug.xcconfig */ = {isa = PBXFileReference; includeInIndex = 1; lastKnownFileType = text.xcconfig; name = "Pods-WebSeriesApplicationTests.debug.xcconfig"; path = "Target Support Files/Pods-WebSeriesApplicationTests/Pods-WebSeriesApplicationTests.debug.xcconfig"; sourceTree = "<group>"; };
		7903BFF8D6A898BB0569E997 /* Pods-WebSeriesApplication-WebSeriesApplicationUITests.release.xcconfig */ = {isa = PBXFileReference; includeInIndex = 1; lastKnownFileType = text.xcconfig; name = "Pods-WebSeriesApplication-WebSeriesApplicationUITests.release.xcconfig"; path = "Target Support Files/Pods-WebSeriesApplication-WebSeriesApplicationUITests/Pods-WebSeriesApplication-WebSeriesApplicationUITests.release.xcconfig"; sourceTree = "<group>"; };
		AD423685CA0EB597F7D48A64 /* Pods_WebSeriesApplication_WebSeriesApplicationUITests.framework */ = {isa = PBXFileReference; explicitFileType = wrapper.framework; includeInIndex = 0; path = Pods_WebSeriesApplication_WebSeriesApplicationUITests.framework; sourceTree = BUILT_PRODUCTS_DIR; };
		B4C10DB03B17D010DFDFEDCA /* Pods-WebSeriesApplicationTests.release.xcconfig */ = {isa = PBXFileReference; includeInIndex = 1; lastKnownFileType = text.xcconfig; name = "Pods-WebSeriesApplicationTests.release.xcconfig"; path = "Target Support Files/Pods-WebSeriesApplicationTests/Pods-WebSeriesApplicationTests.release.xcconfig"; sourceTree = "<group>"; };
		D62EB56BBD261582D9576472 /* Pods-WebSeriesApplication.release.xcconfig */ = {isa = PBXFileReference; includeInIndex = 1; lastKnownFileType = text.xcconfig; name = "Pods-WebSeriesApplication.release.xcconfig"; path = "Target Support Files/Pods-WebSeriesApplication/Pods-WebSeriesApplication.release.xcconfig"; sourceTree = "<group>"; };
		F374DBB18030F1BAA3A71F7C /* Pods_WebSeriesApplicationTests.framework */ = {isa = PBXFileReference; explicitFileType = wrapper.framework; includeInIndex = 0; path = Pods_WebSeriesApplicationTests.framework; sourceTree = BUILT_PRODUCTS_DIR; };
/* End PBXFileReference section */

/* Begin PBXFrameworksBuildPhase section */
		29DACFE02A42E2D100F52740 /* Frameworks */ = {
			isa = PBXFrameworksBuildPhase;
			buildActionMask = 2147483647;
			files = (
				C212BF02AFA655BA7167BC93 /* Pods_WebSeriesApplication.framework in Frameworks */,
			);
			runOnlyForDeploymentPostprocessing = 0;
		};
		29DACFF62A42E2D400F52740 /* Frameworks */ = {
			isa = PBXFrameworksBuildPhase;
			buildActionMask = 2147483647;
			files = (
				117C9EC86947A6D42BFD784C /* Pods_WebSeriesApplicationTests.framework in Frameworks */,
			);
			runOnlyForDeploymentPostprocessing = 0;
		};
		29DAD0002A42E2D400F52740 /* Frameworks */ = {
			isa = PBXFrameworksBuildPhase;
			buildActionMask = 2147483647;
			files = (
				E7DCE1D27986D61D857D0B46 /* Pods_WebSeriesApplication_WebSeriesApplicationUITests.framework in Frameworks */,
			);
			runOnlyForDeploymentPostprocessing = 0;
		};
/* End PBXFrameworksBuildPhase section */

/* Begin PBXGroup section */
		29C4BEF62A4C00A200F0B3A9 /* Custom Classes */ = {
			isa = PBXGroup;
			children = (
				29C4BEF42A4BFB5900F0B3A9 /* CustumViews.swift */,
			);
			path = "Custom Classes";
			sourceTree = "<group>";
		};
		29DACFDA2A42E2D100F52740 = {
			isa = PBXGroup;
			children = (
				29DACFE52A42E2D100F52740 /* WebSeriesApplication */,
				29DACFFC2A42E2D400F52740 /* WebSeriesApplicationTests */,
				29DAD0062A42E2D400F52740 /* WebSeriesApplicationUITests */,
				29DACFE42A42E2D100F52740 /* Products */,
				EF587724531D8EFE3912ED27 /* Pods */,
				8DE191793707EAE142D0D521 /* Frameworks */,
			);
			sourceTree = "<group>";
		};
		29DACFE42A42E2D100F52740 /* Products */ = {
			isa = PBXGroup;
			children = (
				29DACFE32A42E2D100F52740 /* WebSeriesApplication.app */,
				29DACFF92A42E2D400F52740 /* WebSeriesApplicationTests.xctest */,
				29DAD0032A42E2D400F52740 /* WebSeriesApplicationUITests.xctest */,
			);
			name = Products;
			sourceTree = "<group>";
		};
		29DACFE52A42E2D100F52740 /* WebSeriesApplication */ = {
			isa = PBXGroup;
			children = (
				29DACFE62A42E2D100F52740 /* AppDelegate.swift */,
				29DACFE82A42E2D100F52740 /* SceneDelegate.swift */,
				29DAD0192A42E32600F52740 /* StructureClasses */,
				29DAD0182A42E30900F52740 /* ViewConreollers */,
				29DAD01A2A42E33F00F52740 /* CustomcellClasses */,
				29C4BEF62A4C00A200F0B3A9 /* Custom Classes */,
				29DACFEC2A42E2D100F52740 /* Main.storyboard */,
				29DACFEF2A42E2D400F52740 /* Assets.xcassets */,
				29DACFF12A42E2D400F52740 /* LaunchScreen.storyboard */,
				29DACFF42A42E2D400F52740 /* Info.plist */,
			);
			path = WebSeriesApplication;
			sourceTree = "<group>";
		};
		29DACFFC2A42E2D400F52740 /* WebSeriesApplicationTests */ = {
			isa = PBXGroup;
			children = (
				29DACFFD2A42E2D400F52740 /* WebSeriesApplicationTests.swift */,
			);
			path = WebSeriesApplicationTests;
			sourceTree = "<group>";
		};
		29DAD0062A42E2D400F52740 /* WebSeriesApplicationUITests */ = {
			isa = PBXGroup;
			children = (
				29DAD0072A42E2D400F52740 /* WebSeriesApplicationUITests.swift */,
				29DAD0092A42E2D400F52740 /* WebSeriesApplicationUITestsLaunchTests.swift */,
			);
			path = WebSeriesApplicationUITests;
			sourceTree = "<group>";
		};
		29DAD0182A42E30900F52740 /* ViewConreollers */ = {
			isa = PBXGroup;
			children = (
				29DAD0162A42E2F900F52740 /* WebseriesListVC.swift */,
				29DAD01F2A430B9800F52740 /* ShowWebSeriesInfroVC.swift */,
				29DAD0212A4314D200F52740 /* SeasonsViewController.swift */,
				29DAD0292A43207500F52740 /* EpisodesVC.swift */,
			);
			path = ViewConreollers;
			sourceTree = "<group>";
		};
		29DAD0192A42E32600F52740 /* StructureClasses */ = {
			isa = PBXGroup;
			children = (
				29DAD01B2A42E43E00F52740 /* WebSeriesDetails.swift */,
				29DAD0252A4317AE00F52740 /* SeasonDetails.swift */,
				29DAD0272A431DE000F52740 /* EpisodesDetails.swift */,
			);
			path = StructureClasses;
			sourceTree = "<group>";
		};
		29DAD01A2A42E33F00F52740 /* CustomcellClasses */ = {
			isa = PBXGroup;
			children = (
				29DAD01D2A43070A00F52740 /* WebseriesListCell.swift */,
				29DAD0232A43163100F52740 /* SeasonsCell.swift */,
				29DAD02B2A43221B00F52740 /* EpisodesCell.swift */,
			);
			path = CustomcellClasses;
			sourceTree = "<group>";
		};
		8DE191793707EAE142D0D521 /* Frameworks */ = {
			isa = PBXGroup;
			children = (
				442DB55CC64EF641C7490EFD /* Pods_WebSeriesApplication.framework */,
				AD423685CA0EB597F7D48A64 /* Pods_WebSeriesApplication_WebSeriesApplicationUITests.framework */,
				F374DBB18030F1BAA3A71F7C /* Pods_WebSeriesApplicationTests.framework */,
			);
			name = Frameworks;
			sourceTree = "<group>";
		};
		EF587724531D8EFE3912ED27 /* Pods */ = {
			isa = PBXGroup;
			children = (
				5253C9A78E2EB6ACE5C8217E /* Pods-WebSeriesApplication.debug.xcconfig */,
				D62EB56BBD261582D9576472 /* Pods-WebSeriesApplication.release.xcconfig */,
				63EE8EA1C696154378DB9D4C /* Pods-WebSeriesApplication-WebSeriesApplicationUITests.debug.xcconfig */,
				7903BFF8D6A898BB0569E997 /* Pods-WebSeriesApplication-WebSeriesApplicationUITests.release.xcconfig */,
				6B6A8F18AA045A3A4EBEB74D /* Pods-WebSeriesApplicationTests.debug.xcconfig */,
				B4C10DB03B17D010DFDFEDCA /* Pods-WebSeriesApplicationTests.release.xcconfig */,
			);
			path = Pods;
			sourceTree = "<group>";
		};
/* End PBXGroup section */

/* Begin PBXNativeTarget section */
		29DACFE22A42E2D100F52740 /* WebSeriesApplication */ = {
			isa = PBXNativeTarget;
			buildConfigurationList = 29DAD00D2A42E2D400F52740 /* Build configuration list for PBXNativeTarget "WebSeriesApplication" */;
			buildPhases = (
				F3C351B95245239CA240E12E /* [CP] Check Pods Manifest.lock */,
				29DACFDF2A42E2D100F52740 /* Sources */,
				29DACFE02A42E2D100F52740 /* Frameworks */,
				29DACFE12A42E2D100F52740 /* Resources */,
				2818B61C89B0F00EE25874C3 /* [CP] Embed Pods Frameworks */,
			);
			buildRules = (
			);
			dependencies = (
			);
			name = WebSeriesApplication;
			productName = WebSeriesApplication;
			productReference = 29DACFE32A42E2D100F52740 /* WebSeriesApplication.app */;
			productType = "com.apple.product-type.application";
		};
		29DACFF82A42E2D400F52740 /* WebSeriesApplicationTests */ = {
			isa = PBXNativeTarget;
			buildConfigurationList = 29DAD0102A42E2D400F52740 /* Build configuration list for PBXNativeTarget "WebSeriesApplicationTests" */;
			buildPhases = (
				E245C3047A19489549BAF51A /* [CP] Check Pods Manifest.lock */,
				29DACFF52A42E2D400F52740 /* Sources */,
				29DACFF62A42E2D400F52740 /* Frameworks */,
				29DACFF72A42E2D400F52740 /* Resources */,
			);
			buildRules = (
			);
			dependencies = (
				29DACFFB2A42E2D400F52740 /* PBXTargetDependency */,
			);
			name = WebSeriesApplicationTests;
			productName = WebSeriesApplicationTests;
			productReference = 29DACFF92A42E2D400F52740 /* WebSeriesApplicationTests.xctest */;
			productType = "com.apple.product-type.bundle.unit-test";
		};
		29DAD0022A42E2D400F52740 /* WebSeriesApplicationUITests */ = {
			isa = PBXNativeTarget;
			buildConfigurationList = 29DAD0132A42E2D400F52740 /* Build configuration list for PBXNativeTarget "WebSeriesApplicationUITests" */;
			buildPhases = (
				422FA42AF4A66779124EAD88 /* [CP] Check Pods Manifest.lock */,
				29DACFFF2A42E2D400F52740 /* Sources */,
				29DAD0002A42E2D400F52740 /* Frameworks */,
				29DAD0012A42E2D400F52740 /* Resources */,
				36609639AA73413C87C774AB /* [CP] Embed Pods Frameworks */,
			);
			buildRules = (
			);
			dependencies = (
				29DAD0052A42E2D400F52740 /* PBXTargetDependency */,
			);
			name = WebSeriesApplicationUITests;
			productName = WebSeriesApplicationUITests;
			productReference = 29DAD0032A42E2D400F52740 /* WebSeriesApplicationUITests.xctest */;
			productType = "com.apple.product-type.bundle.ui-testing";
		};
/* End PBXNativeTarget section */

/* Begin PBXProject section */
		29DACFDB2A42E2D100F52740 /* Project object */ = {
			isa = PBXProject;
			attributes = {
				BuildIndependentTargetsInParallel = 1;
				LastSwiftUpdateCheck = 1420;
				LastUpgradeCheck = 1420;
				TargetAttributes = {
					29DACFE22A42E2D100F52740 = {
						CreatedOnToolsVersion = 14.2;
					};
					29DACFF82A42E2D400F52740 = {
						CreatedOnToolsVersion = 14.2;
						TestTargetID = 29DACFE22A42E2D100F52740;
					};
					29DAD0022A42E2D400F52740 = {
						CreatedOnToolsVersion = 14.2;
						TestTargetID = 29DACFE22A42E2D100F52740;
					};
				};
			};
			buildConfigurationList = 29DACFDE2A42E2D100F52740 /* Build configuration list for PBXProject "WebSeriesApplication" */;
			compatibilityVersion = "Xcode 14.0";
			developmentRegion = en;
			hasScannedForEncodings = 0;
			knownRegions = (
				en,
				Base,
			);
			mainGroup = 29DACFDA2A42E2D100F52740;
			productRefGroup = 29DACFE42A42E2D100F52740 /* Products */;
			projectDirPath = "";
			projectRoot = "";
			targets = (
				29DACFE22A42E2D100F52740 /* WebSeriesApplication */,
				29DACFF82A42E2D400F52740 /* WebSeriesApplicationTests */,
				29DAD0022A42E2D400F52740 /* WebSeriesApplicationUITests */,
			);
		};
/* End PBXProject section */

/* Begin PBXResourcesBuildPhase section */
		29DACFE12A42E2D100F52740 /* Resources */ = {
			isa = PBXResourcesBuildPhase;
			buildActionMask = 2147483647;
			files = (
				29DACFF32A42E2D400F52740 /* LaunchScreen.storyboard in Resources */,
				29DACFF02A42E2D400F52740 /* Assets.xcassets in Resources */,
				29DACFEE2A42E2D100F52740 /* Main.storyboard in Resources */,
			);
			runOnlyForDeploymentPostprocessing = 0;
		};
		29DACFF72A42E2D400F52740 /* Resources */ = {
			isa = PBXResourcesBuildPhase;
			buildActionMask = 2147483647;
			files = (
			);
			runOnlyForDeploymentPostprocessing = 0;
		};
		29DAD0012A42E2D400F52740 /* Resources */ = {
			isa = PBXResourcesBuildPhase;
			buildActionMask = 2147483647;
			files = (
			);
			runOnlyForDeploymentPostprocessing = 0;
		};
/* End PBXResourcesBuildPhase section */

/* Begin PBXShellScriptBuildPhase section */
		2818B61C89B0F00EE25874C3 /* [CP] Embed Pods Frameworks */ = {
			isa = PBXShellScriptBuildPhase;
			buildActionMask = 2147483647;
			files = (
			);
			inputFileListPaths = (
				"${PODS_ROOT}/Target Support Files/Pods-WebSeriesApplication/Pods-WebSeriesApplication-frameworks-${CONFIGURATION}-input-files.xcfilelist",
			);
			name = "[CP] Embed Pods Frameworks";
			outputFileListPaths = (
				"${PODS_ROOT}/Target Support Files/Pods-WebSeriesApplication/Pods-WebSeriesApplication-frameworks-${CONFIGURATION}-output-files.xcfilelist",
			);
			runOnlyForDeploymentPostprocessing = 0;
			shellPath = /bin/sh;
			shellScript = "\"${PODS_ROOT}/Target Support Files/Pods-WebSeriesApplication/Pods-WebSeriesApplication-frameworks.sh\"\n";
			showEnvVarsInLog = 0;
		};
		36609639AA73413C87C774AB /* [CP] Embed Pods Frameworks */ = {
			isa = PBXShellScriptBuildPhase;
			buildActionMask = 2147483647;
			files = (
			);
			inputFileListPaths = (
				"${PODS_ROOT}/Target Support Files/Pods-WebSeriesApplication-WebSeriesApplicationUITests/Pods-WebSeriesApplication-WebSeriesApplicationUITests-frameworks-${CONFIGURATION}-input-files.xcfilelist",
			);
			name = "[CP] Embed Pods Frameworks";
			outputFileListPaths = (
				"${PODS_ROOT}/Target Support Files/Pods-WebSeriesApplication-WebSeriesApplicationUITests/Pods-WebSeriesApplication-WebSeriesApplicationUITests-frameworks-${CONFIGURATION}-output-files.xcfilelist",
			);
			runOnlyForDeploymentPostprocessing = 0;
			shellPath = /bin/sh;
			shellScript = "\"${PODS_ROOT}/Target Support Files/Pods-WebSeriesApplication-WebSeriesApplicationUITests/Pods-WebSeriesApplication-WebSeriesApplicationUITests-frameworks.sh\"\n";
			showEnvVarsInLog = 0;
		};
		422FA42AF4A66779124EAD88 /* [CP] Check Pods Manifest.lock */ = {
			isa = PBXShellScriptBuildPhase;
			buildActionMask = 2147483647;
			files = (
			);
			inputFileListPaths = (
			);
			inputPaths = (
				"${PODS_PODFILE_DIR_PATH}/Podfile.lock",
				"${PODS_ROOT}/Manifest.lock",
			);
			name = "[CP] Check Pods Manifest.lock";
			outputFileListPaths = (
			);
			outputPaths = (
				"$(DERIVED_FILE_DIR)/Pods-WebSeriesApplication-WebSeriesApplicationUITests-checkManifestLockResult.txt",
			);
			runOnlyForDeploymentPostprocessing = 0;
			shellPath = /bin/sh;
			shellScript = "diff \"${PODS_PODFILE_DIR_PATH}/Podfile.lock\" \"${PODS_ROOT}/Manifest.lock\" > /dev/null\nif [ $? != 0 ] ; then\n    # print error to STDERR\n    echo \"error: The sandbox is not in sync with the Podfile.lock. Run 'pod install' or update your CocoaPods installation.\" >&2\n    exit 1\nfi\n# This output is used by Xcode 'outputs' to avoid re-running this script phase.\necho \"SUCCESS\" > \"${SCRIPT_OUTPUT_FILE_0}\"\n";
			showEnvVarsInLog = 0;
		};
		E245C3047A19489549BAF51A /* [CP] Check Pods Manifest.lock */ = {
			isa = PBXShellScriptBuildPhase;
			buildActionMask = 2147483647;
			files = (
			);
			inputFileListPaths = (
			);
			inputPaths = (
				"${PODS_PODFILE_DIR_PATH}/Podfile.lock",
				"${PODS_ROOT}/Manifest.lock",
			);
			name = "[CP] Check Pods Manifest.lock";
			outputFileListPaths = (
			);
			outputPaths = (
				"$(DERIVED_FILE_DIR)/Pods-WebSeriesApplicationTests-checkManifestLockResult.txt",
			);
			runOnlyForDeploymentPostprocessing = 0;
			shellPath = /bin/sh;
			shellScript = "diff \"${PODS_PODFILE_DIR_PATH}/Podfile.lock\" \"${PODS_ROOT}/Manifest.lock\" > /dev/null\nif [ $? != 0 ] ; then\n    # print error to STDERR\n    echo \"error: The sandbox is not in sync with the Podfile.lock. Run 'pod install' or update your CocoaPods installation.\" >&2\n    exit 1\nfi\n# This output is used by Xcode 'outputs' to avoid re-running this script phase.\necho \"SUCCESS\" > \"${SCRIPT_OUTPUT_FILE_0}\"\n";
			showEnvVarsInLog = 0;
		};
		F3C351B95245239CA240E12E /* [CP] Check Pods Manifest.lock */ = {
			isa = PBXShellScriptBuildPhase;
			buildActionMask = 2147483647;
			files = (
			);
			inputFileListPaths = (
			);
			inputPaths = (
				"${PODS_PODFILE_DIR_PATH}/Podfile.lock",
				"${PODS_ROOT}/Manifest.lock",
			);
			name = "[CP] Check Pods Manifest.lock";
			outputFileListPaths = (
			);
			outputPaths = (
				"$(DERIVED_FILE_DIR)/Pods-WebSeriesApplication-checkManifestLockResult.txt",
			);
			runOnlyForDeploymentPostprocessing = 0;
			shellPath = /bin/sh;
			shellScript = "diff \"${PODS_PODFILE_DIR_PATH}/Podfile.lock\" \"${PODS_ROOT}/Manifest.lock\" > /dev/null\nif [ $? != 0 ] ; then\n    # print error to STDERR\n    echo \"error: The sandbox is not in sync with the Podfile.lock. Run 'pod install' or update your CocoaPods installation.\" >&2\n    exit 1\nfi\n# This output is used by Xcode 'outputs' to avoid re-running this script phase.\necho \"SUCCESS\" > \"${SCRIPT_OUTPUT_FILE_0}\"\n";
			showEnvVarsInLog = 0;
		};
/* End PBXShellScriptBuildPhase section */

/* Begin PBXSourcesBuildPhase section */
		29DACFDF2A42E2D100F52740 /* Sources */ = {
			isa = PBXSourcesBuildPhase;
			buildActionMask = 2147483647;
			files = (
				29DAD0242A43163100F52740 /* SeasonsCell.swift in Sources */,
				29DAD0202A430B9800F52740 /* ShowWebSeriesInfroVC.swift in Sources */,
				29DAD0282A431DE000F52740 /* EpisodesDetails.swift in Sources */,
				29DAD02A2A43207500F52740 /* EpisodesVC.swift in Sources */,
				29DAD0222A4314D200F52740 /* SeasonsViewController.swift in Sources */,
				29DAD02C2A43221B00F52740 /* EpisodesCell.swift in Sources */,
				29DAD01C2A42E43E00F52740 /* WebSeriesDetails.swift in Sources */,
				29DAD0172A42E2F900F52740 /* WebseriesListVC.swift in Sources */,
				29DACFE72A42E2D100F52740 /* AppDelegate.swift in Sources */,
				29DACFE92A42E2D100F52740 /* SceneDelegate.swift in Sources */,
				29DAD0262A4317AE00F52740 /* SeasonDetails.swift in Sources */,
				29C4BEF52A4BFB5900F0B3A9 /* CustumViews.swift in Sources */,
				29DAD01E2A43070A00F52740 /* WebseriesListCell.swift in Sources */,
			);
			runOnlyForDeploymentPostprocessing = 0;
		};
		29DACFF52A42E2D400F52740 /* Sources */ = {
			isa = PBXSourcesBuildPhase;
			buildActionMask = 2147483647;
			files = (
				29DACFFE2A42E2D400F52740 /* WebSeriesApplicationTests.swift in Sources */,
			);
			runOnlyForDeploymentPostprocessing = 0;
		};
		29DACFFF2A42E2D400F52740 /* Sources */ = {
			isa = PBXSourcesBuildPhase;
			buildActionMask = 2147483647;
			files = (
				29DAD0082A42E2D400F52740 /* WebSeriesApplicationUITests.swift in Sources */,
				29DAD00A2A42E2D400F52740 /* WebSeriesApplicationUITestsLaunchTests.swift in Sources */,
			);
			runOnlyForDeploymentPostprocessing = 0;
		};
/* End PBXSourcesBuildPhase section */

/* Begin PBXTargetDependency section */
		29DACFFB2A42E2D400F52740 /* PBXTargetDependency */ = {
			isa = PBXTargetDependency;
			target = 29DACFE22A42E2D100F52740 /* WebSeriesApplication */;
			targetProxy = 29DACFFA2A42E2D400F52740 /* PBXContainerItemProxy */;
		};
		29DAD0052A42E2D400F52740 /* PBXTargetDependency */ = {
			isa = PBXTargetDependency;
			target = 29DACFE22A42E2D100F52740 /* WebSeriesApplication */;
			targetProxy = 29DAD0042A42E2D400F52740 /* PBXContainerItemProxy */;
		};
/* End PBXTargetDependency section */

/* Begin PBXVariantGroup section */
		29DACFEC2A42E2D100F52740 /* Main.storyboard */ = {
			isa = PBXVariantGroup;
			children = (
				29DACFED2A42E2D100F52740 /* Base */,
			);
			name = Main.storyboard;
			sourceTree = "<group>";
		};
		29DACFF12A42E2D400F52740 /* LaunchScreen.storyboard */ = {
			isa = PBXVariantGroup;
			children = (
				29DACFF22A42E2D400F52740 /* Base */,
			);
			name = LaunchScreen.storyboard;
			sourceTree = "<group>";
		};
/* End PBXVariantGroup section */

/* Begin XCBuildConfiguration section */
		29DAD00B2A42E2D400F52740 /* Debug */ = {
			isa = XCBuildConfiguration;
			buildSettings = {
				ALWAYS_SEARCH_USER_PATHS = NO;
				CLANG_ANALYZER_NONNULL = YES;
				CLANG_ANALYZER_NUMBER_OBJECT_CONVERSION = YES_AGGRESSIVE;
				CLANG_CXX_LANGUAGE_STANDARD = "gnu++20";
				CLANG_ENABLE_MODULES = YES;
				CLANG_ENABLE_OBJC_ARC = YES;
				CLANG_ENABLE_OBJC_WEAK = YES;
				CLANG_WARN_BLOCK_CAPTURE_AUTORELEASING = YES;
				CLANG_WARN_BOOL_CONVERSION = YES;
				CLANG_WARN_COMMA = YES;
				CLANG_WARN_CONSTANT_CONVERSION = YES;
				CLANG_WARN_DEPRECATED_OBJC_IMPLEMENTATIONS = YES;
				CLANG_WARN_DIRECT_OBJC_ISA_USAGE = YES_ERROR;
				CLANG_WARN_DOCUMENTATION_COMMENTS = YES;
				CLANG_WARN_EMPTY_BODY = YES;
				CLANG_WARN_ENUM_CONVERSION = YES;
				CLANG_WARN_INFINITE_RECURSION = YES;
				CLANG_WARN_INT_CONVERSION = YES;
				CLANG_WARN_NON_LITERAL_NULL_CONVERSION = YES;
				CLANG_WARN_OBJC_IMPLICIT_RETAIN_SELF = YES;
				CLANG_WARN_OBJC_LITERAL_CONVERSION = YES;
				CLANG_WARN_OBJC_ROOT_CLASS = YES_ERROR;
				CLANG_WARN_QUOTED_INCLUDE_IN_FRAMEWORK_HEADER = YES;
				CLANG_WARN_RANGE_LOOP_ANALYSIS = YES;
				CLANG_WARN_STRICT_PROTOTYPES = YES;
				CLANG_WARN_SUSPICIOUS_MOVE = YES;
				CLANG_WARN_UNGUARDED_AVAILABILITY = YES_AGGRESSIVE;
				CLANG_WARN_UNREACHABLE_CODE = YES;
				CLANG_WARN__DUPLICATE_METHOD_MATCH = YES;
				COPY_PHASE_STRIP = NO;
				DEBUG_INFORMATION_FORMAT = dwarf;
				ENABLE_STRICT_OBJC_MSGSEND = YES;
				ENABLE_TESTABILITY = YES;
				GCC_C_LANGUAGE_STANDARD = gnu11;
				GCC_DYNAMIC_NO_PIC = NO;
				GCC_NO_COMMON_BLOCKS = YES;
				GCC_OPTIMIZATION_LEVEL = 0;
				GCC_PREPROCESSOR_DEFINITIONS = (
					"DEBUG=1",
					"$(inherited)",
				);
				GCC_WARN_64_TO_32_BIT_CONVERSION = YES;
				GCC_WARN_ABOUT_RETURN_TYPE = YES_ERROR;
				GCC_WARN_UNDECLARED_SELECTOR = YES;
				GCC_WARN_UNINITIALIZED_AUTOS = YES_AGGRESSIVE;
				GCC_WARN_UNUSED_FUNCTION = YES;
				GCC_WARN_UNUSED_VARIABLE = YES;
				IPHONEOS_DEPLOYMENT_TARGET = 15.0;
				MTL_ENABLE_DEBUG_INFO = INCLUDE_SOURCE;
				MTL_FAST_MATH = YES;
				ONLY_ACTIVE_ARCH = YES;
				SDKROOT = iphoneos;
				SWIFT_ACTIVE_COMPILATION_CONDITIONS = DEBUG;
				SWIFT_OPTIMIZATION_LEVEL = "-Onone";
			};
			name = Debug;
		};
		29DAD00C2A42E2D400F52740 /* Release */ = {
			isa = XCBuildConfiguration;
			buildSettings = {
				ALWAYS_SEARCH_USER_PATHS = NO;
				CLANG_ANALYZER_NONNULL = YES;
				CLANG_ANALYZER_NUMBER_OBJECT_CONVERSION = YES_AGGRESSIVE;
				CLANG_CXX_LANGUAGE_STANDARD = "gnu++20";
				CLANG_ENABLE_MODULES = YES;
				CLANG_ENABLE_OBJC_ARC = YES;
				CLANG_ENABLE_OBJC_WEAK = YES;
				CLANG_WARN_BLOCK_CAPTURE_AUTORELEASING = YES;
				CLANG_WARN_BOOL_CONVERSION = YES;
				CLANG_WARN_COMMA = YES;
				CLANG_WARN_CONSTANT_CONVERSION = YES;
				CLANG_WARN_DEPRECATED_OBJC_IMPLEMENTATIONS = YES;
				CLANG_WARN_DIRECT_OBJC_ISA_USAGE = YES_ERROR;
				CLANG_WARN_DOCUMENTATION_COMMENTS = YES;
				CLANG_WARN_EMPTY_BODY = YES;
				CLANG_WARN_ENUM_CONVERSION = YES;
				CLANG_WARN_INFINITE_RECURSION = YES;
				CLANG_WARN_INT_CONVERSION = YES;
				CLANG_WARN_NON_LITERAL_NULL_CONVERSION = YES;
				CLANG_WARN_OBJC_IMPLICIT_RETAIN_SELF = YES;
				CLANG_WARN_OBJC_LITERAL_CONVERSION = YES;
				CLANG_WARN_OBJC_ROOT_CLASS = YES_ERROR;
				CLANG_WARN_QUOTED_INCLUDE_IN_FRAMEWORK_HEADER = YES;
				CLANG_WARN_RANGE_LOOP_ANALYSIS = YES;
				CLANG_WARN_STRICT_PROTOTYPES = YES;
				CLANG_WARN_SUSPICIOUS_MOVE = YES;
				CLANG_WARN_UNGUARDED_AVAILABILITY = YES_AGGRESSIVE;
				CLANG_WARN_UNREACHABLE_CODE = YES;
				CLANG_WARN__DUPLICATE_METHOD_MATCH = YES;
				COPY_PHASE_STRIP = NO;
				DEBUG_INFORMATION_FORMAT = "dwarf-with-dsym";
				ENABLE_NS_ASSERTIONS = NO;
				ENABLE_STRICT_OBJC_MSGSEND = YES;
				GCC_C_LANGUAGE_STANDARD = gnu11;
				GCC_NO_COMMON_BLOCKS = YES;
				GCC_WARN_64_TO_32_BIT_CONVERSION = YES;
				GCC_WARN_ABOUT_RETURN_TYPE = YES_ERROR;
				GCC_WARN_UNDECLARED_SELECTOR = YES;
				GCC_WARN_UNINITIALIZED_AUTOS = YES_AGGRESSIVE;
				GCC_WARN_UNUSED_FUNCTION = YES;
				GCC_WARN_UNUSED_VARIABLE = YES;
				IPHONEOS_DEPLOYMENT_TARGET = 15.0;
				MTL_ENABLE_DEBUG_INFO = NO;
				MTL_FAST_MATH = YES;
				SDKROOT = iphoneos;
				SWIFT_COMPILATION_MODE = wholemodule;
				SWIFT_OPTIMIZATION_LEVEL = "-O";
				VALIDATE_PRODUCT = YES;
			};
			name = Release;
		};
		29DAD00E2A42E2D400F52740 /* Debug */ = {
			isa = XCBuildConfiguration;
			baseConfigurationReference = 5253C9A78E2EB6ACE5C8217E /* Pods-WebSeriesApplication.debug.xcconfig */;
			buildSettings = {
				ASSETCATALOG_COMPILER_APPICON_NAME = AppIcon;
				ASSETCATALOG_COMPILER_GLOBAL_ACCENT_COLOR_NAME = AccentColor;
				CODE_SIGN_STYLE = Automatic;
				CURRENT_PROJECT_VERSION = 1;
				DEVELOPMENT_TEAM = Q3R7KZDP97;
				GENERATE_INFOPLIST_FILE = YES;
				INFOPLIST_FILE = WebSeriesApplication/Info.plist;
				INFOPLIST_KEY_UIApplicationSupportsIndirectInputEvents = YES;
				INFOPLIST_KEY_UILaunchStoryboardName = LaunchScreen;
				INFOPLIST_KEY_UIMainStoryboardFile = Main;
				INFOPLIST_KEY_UISupportedInterfaceOrientations_iPad = "UIInterfaceOrientationPortrait UIInterfaceOrientationPortraitUpsideDown UIInterfaceOrientationLandscapeLeft UIInterfaceOrientationLandscapeRight";
				INFOPLIST_KEY_UISupportedInterfaceOrientations_iPhone = "UIInterfaceOrientationPortrait UIInterfaceOrientationLandscapeLeft UIInterfaceOrientationLandscapeRight";
				IPHONEOS_DEPLOYMENT_TARGET = 14.0;
				LD_RUNPATH_SEARCH_PATHS = (
					"$(inherited)",
					"@executable_path/Frameworks",
				);
				MARKETING_VERSION = 1.0;
				PRODUCT_BUNDLE_IDENTIFIER = app.WebSeriesApplication;
				PRODUCT_NAME = "$(TARGET_NAME)";
				SWIFT_EMIT_LOC_STRINGS = YES;
				SWIFT_VERSION = 5.0;
				TARGETED_DEVICE_FAMILY = "1,2";
			};
			name = Debug;
		};
		29DAD00F2A42E2D400F52740 /* Release */ = {
			isa = XCBuildConfiguration;
			baseConfigurationReference = D62EB56BBD261582D9576472 /* Pods-WebSeriesApplication.release.xcconfig */;
			buildSettings = {
				ASSETCATALOG_COMPILER_APPICON_NAME = AppIcon;
				ASSETCATALOG_COMPILER_GLOBAL_ACCENT_COLOR_NAME = AccentColor;
				CODE_SIGN_STYLE = Automatic;
				CURRENT_PROJECT_VERSION = 1;
				DEVELOPMENT_TEAM = Q3R7KZDP97;
				GENERATE_INFOPLIST_FILE = YES;
				INFOPLIST_FILE = WebSeriesApplication/Info.plist;
				INFOPLIST_KEY_UIApplicationSupportsIndirectInputEvents = YES;
				INFOPLIST_KEY_UILaunchStoryboardName = LaunchScreen;
				INFOPLIST_KEY_UIMainStoryboardFile = Main;
				INFOPLIST_KEY_UISupportedInterfaceOrientations_iPad = "UIInterfaceOrientationPortrait UIInterfaceOrientationPortraitUpsideDown UIInterfaceOrientationLandscapeLeft UIInterfaceOrientationLandscapeRight";
				INFOPLIST_KEY_UISupportedInterfaceOrientations_iPhone = "UIInterfaceOrientationPortrait UIInterfaceOrientationLandscapeLeft UIInterfaceOrientationLandscapeRight";
				IPHONEOS_DEPLOYMENT_TARGET = 14.0;
				LD_RUNPATH_SEARCH_PATHS = (
					"$(inherited)",
					"@executable_path/Frameworks",
				);
				MARKETING_VERSION = 1.0;
				PRODUCT_BUNDLE_IDENTIFIER = app.WebSeriesApplication;
				PRODUCT_NAME = "$(TARGET_NAME)";
				SWIFT_EMIT_LOC_STRINGS = YES;
				SWIFT_VERSION = 5.0;
				TARGETED_DEVICE_FAMILY = "1,2";
			};
			name = Release;
		};
		29DAD0112A42E2D400F52740 /* Debug */ = {
			isa = XCBuildConfiguration;
			baseConfigurationReference = 6B6A8F18AA045A3A4EBEB74D /* Pods-WebSeriesApplicationTests.debug.xcconfig */;
			buildSettings = {
				ALWAYS_EMBED_SWIFT_STANDARD_LIBRARIES = YES;
				BUNDLE_LOADER = "$(TEST_HOST)";
				CODE_SIGN_STYLE = Automatic;
				CURRENT_PROJECT_VERSION = 1;
				GENERATE_INFOPLIST_FILE = YES;
				IPHONEOS_DEPLOYMENT_TARGET = 16.2;
				MARKETING_VERSION = 1.0;
				PRODUCT_BUNDLE_IDENTIFIER = app.WebSeriesApplicationTests;
				PRODUCT_NAME = "$(TARGET_NAME)";
				SWIFT_EMIT_LOC_STRINGS = NO;
				SWIFT_VERSION = 5.0;
				TARGETED_DEVICE_FAMILY = "1,2";
				TEST_HOST = "$(BUILT_PRODUCTS_DIR)/WebSeriesApplication.app/$(BUNDLE_EXECUTABLE_FOLDER_PATH)/WebSeriesApplication";
			};
			name = Debug;
		};
		29DAD0122A42E2D400F52740 /* Release */ = {
			isa = XCBuildConfiguration;
			baseConfigurationReference = B4C10DB03B17D010DFDFEDCA /* Pods-WebSeriesApplicationTests.release.xcconfig */;
			buildSettings = {
				ALWAYS_EMBED_SWIFT_STANDARD_LIBRARIES = YES;
				BUNDLE_LOADER = "$(TEST_HOST)";
				CODE_SIGN_STYLE = Automatic;
				CURRENT_PROJECT_VERSION = 1;
				GENERATE_INFOPLIST_FILE = YES;
				IPHONEOS_DEPLOYMENT_TARGET = 16.2;
				MARKETING_VERSION = 1.0;
				PRODUCT_BUNDLE_IDENTIFIER = app.WebSeriesApplicationTests;
				PRODUCT_NAME = "$(TARGET_NAME)";
				SWIFT_EMIT_LOC_STRINGS = NO;
				SWIFT_VERSION = 5.0;
				TARGETED_DEVICE_FAMILY = "1,2";
				TEST_HOST = "$(BUILT_PRODUCTS_DIR)/WebSeriesApplication.app/$(BUNDLE_EXECUTABLE_FOLDER_PATH)/WebSeriesApplication";
			};
			name = Release;
		};
		29DAD0142A42E2D400F52740 /* Debug */ = {
			isa = XCBuildConfiguration;
			baseConfigurationReference = 63EE8EA1C696154378DB9D4C /* Pods-WebSeriesApplication-WebSeriesApplicationUITests.debug.xcconfig */;
			buildSettings = {
				ALWAYS_EMBED_SWIFT_STANDARD_LIBRARIES = YES;
				CODE_SIGN_STYLE = Automatic;
				CURRENT_PROJECT_VERSION = 1;
				GENERATE_INFOPLIST_FILE = YES;
				MARKETING_VERSION = 1.0;
				PRODUCT_BUNDLE_IDENTIFIER = app.WebSeriesApplicationUITests;
				PRODUCT_NAME = "$(TARGET_NAME)";
				SWIFT_EMIT_LOC_STRINGS = NO;
				SWIFT_VERSION = 5.0;
				TARGETED_DEVICE_FAMILY = "1,2";
				TEST_TARGET_NAME = WebSeriesApplication;
			};
			name = Debug;
		};
		29DAD0152A42E2D400F52740 /* Release */ = {
			isa = XCBuildConfiguration;
			baseConfigurationReference = 7903BFF8D6A898BB0569E997 /* Pods-WebSeriesApplication-WebSeriesApplicationUITests.release.xcconfig */;
			buildSettings = {
				ALWAYS_EMBED_SWIFT_STANDARD_LIBRARIES = YES;
				CODE_SIGN_STYLE = Automatic;
				CURRENT_PROJECT_VERSION = 1;
				GENERATE_INFOPLIST_FILE = YES;
				MARKETING_VERSION = 1.0;
				PRODUCT_BUNDLE_IDENTIFIER = app.WebSeriesApplicationUITests;
				PRODUCT_NAME = "$(TARGET_NAME)";
				SWIFT_EMIT_LOC_STRINGS = NO;
				SWIFT_VERSION = 5.0;
				TARGETED_DEVICE_FAMILY = "1,2";
				TEST_TARGET_NAME = WebSeriesApplication;
			};
			name = Release;
		};
/* End XCBuildConfiguration section */

/* Begin XCConfigurationList section */
		29DACFDE2A42E2D100F52740 /* Build configuration list for PBXProject "WebSeriesApplication" */ = {
			isa = XCConfigurationList;
			buildConfigurations = (
				29DAD00B2A42E2D400F52740 /* Debug */,
				29DAD00C2A42E2D400F52740 /* Release */,
			);
			defaultConfigurationIsVisible = 0;
			defaultConfigurationName = Release;
		};
		29DAD00D2A42E2D400F52740 /* Build configuration list for PBXNativeTarget "WebSeriesApplication" */ = {
			isa = XCConfigurationList;
			buildConfigurations = (
				29DAD00E2A42E2D400F52740 /* Debug */,
				29DAD00F2A42E2D400F52740 /* Release */,
			);
			defaultConfigurationIsVisible = 0;
			defaultConfigurationName = Release;
		};
		29DAD0102A42E2D400F52740 /* Build configuration list for PBXNativeTarget "WebSeriesApplicationTests" */ = {
			isa = XCConfigurationList;
			buildConfigurations = (
				29DAD0112A42E2D400F52740 /* Debug */,
				29DAD0122A42E2D400F52740 /* Release */,
			);
			defaultConfigurationIsVisible = 0;
			defaultConfigurationName = Release;
		};
		29DAD0132A42E2D400F52740 /* Build configuration list for PBXNativeTarget "WebSeriesApplicationUITests" */ = {
			isa = XCConfigurationList;
			buildConfigurations = (
				29DAD0142A42E2D400F52740 /* Debug */,
				29DAD0152A42E2D400F52740 /* Release */,
			);
			defaultConfigurationIsVisible = 0;
			defaultConfigurationName = Release;
		};
/* End XCConfigurationList section */
	};
	rootObject = 29DACFDB2A42E2D100F52740 /* Project object */;
}
